// !$*UTF8*$!
{
	archiveVersion = 1;
	classes = {
	};
	objectVersion = 46;
	objects = {

/* Begin PBXBuildFile section */
		900B8D3D181E53FD0019F732 /* MapKit.framework in Frameworks */ = {isa = PBXBuildFile; fileRef = 900B8D3C181E53FD0019F732 /* MapKit.framework */; };
		900B8D40181E58410019F732 /* LMDrawShapeView.m in Sources */ = {isa = PBXBuildFile; fileRef = 900B8D3F181E58410019F732 /* LMDrawShapeView.m */; };
		900B8D43181E60440019F732 /* LMChooseShapeViewController.m in Sources */ = {isa = PBXBuildFile; fileRef = 900B8D42181E60440019F732 /* LMChooseShapeViewController.m */; };
		90550E02181E23160011E327 /* QuartzCore.framework in Frameworks */ = {isa = PBXBuildFile; fileRef = 90550E01181E23160011E327 /* QuartzCore.framework */; };
		90550E04181E28330011E327 /* AVFoundation.framework in Frameworks */ = {isa = PBXBuildFile; fileRef = 90550E03181E28330011E327 /* AVFoundation.framework */; };
		90550E06181E283A0011E327 /* CoreData.framework in Frameworks */ = {isa = PBXBuildFile; fileRef = 90550E05181E283A0011E327 /* CoreData.framework */; };
		90550E08181E28410011E327 /* CoreLocation.framework in Frameworks */ = {isa = PBXBuildFile; fileRef = 90550E07181E28410011E327 /* CoreLocation.framework */; };
		90550E0A181E28470011E327 /* CoreText.framework in Frameworks */ = {isa = PBXBuildFile; fileRef = 90550E09181E28470011E327 /* CoreText.framework */; };
		90550E0C181E284B0011E327 /* GLKit.framework in Frameworks */ = {isa = PBXBuildFile; fileRef = 90550E0B181E284B0011E327 /* GLKit.framework */; };
		90550E0E181E28520011E327 /* ImageIO.framework in Frameworks */ = {isa = PBXBuildFile; fileRef = 90550E0D181E28520011E327 /* ImageIO.framework */; };
		90550E10181E28580011E327 /* libc++.dylib in Frameworks */ = {isa = PBXBuildFile; fileRef = 90550E0F181E28580011E327 /* libc++.dylib */; };
		90550E12181E28660011E327 /* libicucore.dylib in Frameworks */ = {isa = PBXBuildFile; fileRef = 90550E11181E28660011E327 /* libicucore.dylib */; };
		90550E14181E286B0011E327 /* libz.dylib in Frameworks */ = {isa = PBXBuildFile; fileRef = 90550E13181E286B0011E327 /* libz.dylib */; };
		90550E16181E28720011E327 /* OpenGLES.framework in Frameworks */ = {isa = PBXBuildFile; fileRef = 90550E15181E28720011E327 /* OpenGLES.framework */; };
		90550E18181E28790011E327 /* SystemConfiguration.framework in Frameworks */ = {isa = PBXBuildFile; fileRef = 90550E17181E28790011E327 /* SystemConfiguration.framework */; };
		90550E1C181E29610011E327 /* GoogleMaps.bundle in Resources */ = {isa = PBXBuildFile; fileRef = 90550E1B181E29610011E327 /* GoogleMaps.bundle */; };
		90550E1F181E2A0A0011E327 /* LMMapViewController.m in Sources */ = {isa = PBXBuildFile; fileRef = 90550E1E181E2A0A0011E327 /* LMMapViewController.m */; };
		905D8AB01824BB2100ED4601 /* LMChoosePathViewController.m in Sources */ = {isa = PBXBuildFile; fileRef = 905D8AAF1824BB2100ED4601 /* LMChoosePathViewController.m */; };
		905D8AB31824BB5100ED4601 /* LMLocationManager.m in Sources */ = {isa = PBXBuildFile; fileRef = 905D8AB21824BB5100ED4601 /* LMLocationManager.m */; };
		905D8AB61824BFD700ED4601 /* LMResultViewController.m in Sources */ = {isa = PBXBuildFile; fileRef = 905D8AB51824BFD700ED4601 /* LMResultViewController.m */; };
		905D8AB81824C0D200ED4601 /* Social.framework in Frameworks */ = {isa = PBXBuildFile; fileRef = 905D8AB71824C0D200ED4601 /* Social.framework */; };
		905D8ABB1824C2E600ED4601 /* LMLobbyViewController.m in Sources */ = {isa = PBXBuildFile; fileRef = 905D8ABA1824C2E600ED4601 /* LMLobbyViewController.m */; };
		909EB6351824DDAD004EA734 /* Accounts.framework in Frameworks */ = {isa = PBXBuildFile; fileRef = 909EB6341824DDAD004EA734 /* Accounts.framework */; };
		909EB6381824DE60004EA734 /* LMData.m in Sources */ = {isa = PBXBuildFile; fileRef = 909EB6371824DE60004EA734 /* LMData.m */; };
		909EB69C1824F655004EA734 /* AFHTTPRequestOperation.m in Sources */ = {isa = PBXBuildFile; fileRef = 909EB67A1824F655004EA734 /* AFHTTPRequestOperation.m */; };
		909EB69D1824F655004EA734 /* AFHTTPRequestOperationManager.m in Sources */ = {isa = PBXBuildFile; fileRef = 909EB67C1824F655004EA734 /* AFHTTPRequestOperationManager.m */; };
		909EB69E1824F655004EA734 /* AFHTTPSessionManager.m in Sources */ = {isa = PBXBuildFile; fileRef = 909EB67E1824F655004EA734 /* AFHTTPSessionManager.m */; };
		909EB69F1824F655004EA734 /* AFNetworkReachabilityManager.m in Sources */ = {isa = PBXBuildFile; fileRef = 909EB6811824F655004EA734 /* AFNetworkReachabilityManager.m */; };
		909EB6A01824F655004EA734 /* AFSecurityPolicy.m in Sources */ = {isa = PBXBuildFile; fileRef = 909EB6831824F655004EA734 /* AFSecurityPolicy.m */; };
		909EB6A11824F655004EA734 /* AFURLConnectionOperation.m in Sources */ = {isa = PBXBuildFile; fileRef = 909EB6851824F655004EA734 /* AFURLConnectionOperation.m */; };
		909EB6A21824F655004EA734 /* AFURLRequestSerialization.m in Sources */ = {isa = PBXBuildFile; fileRef = 909EB6871824F655004EA734 /* AFURLRequestSerialization.m */; };
		909EB6A31824F655004EA734 /* AFURLResponseSerialization.m in Sources */ = {isa = PBXBuildFile; fileRef = 909EB6891824F655004EA734 /* AFURLResponseSerialization.m */; };
		909EB6A41824F655004EA734 /* AFURLSessionManager.m in Sources */ = {isa = PBXBuildFile; fileRef = 909EB68B1824F655004EA734 /* AFURLSessionManager.m */; };
		909EB6A51824F655004EA734 /* AFNetworkActivityIndicatorManager.m in Sources */ = {isa = PBXBuildFile; fileRef = 909EB68E1824F655004EA734 /* AFNetworkActivityIndicatorManager.m */; };
		909EB6A61824F655004EA734 /* UIActivityIndicatorView+AFNetworking.m in Sources */ = {isa = PBXBuildFile; fileRef = 909EB6901824F655004EA734 /* UIActivityIndicatorView+AFNetworking.m */; };
		909EB6A71824F655004EA734 /* UIAlertView+AFNetworking.m in Sources */ = {isa = PBXBuildFile; fileRef = 909EB6921824F655004EA734 /* UIAlertView+AFNetworking.m */; };
		909EB6A81824F655004EA734 /* UIButton+AFNetworking.m in Sources */ = {isa = PBXBuildFile; fileRef = 909EB6941824F655004EA734 /* UIButton+AFNetworking.m */; };
		909EB6A91824F655004EA734 /* UIImageView+AFNetworking.m in Sources */ = {isa = PBXBuildFile; fileRef = 909EB6961824F655004EA734 /* UIImageView+AFNetworking.m */; };
		909EB6AA1824F655004EA734 /* UIProgressView+AFNetworking.m in Sources */ = {isa = PBXBuildFile; fileRef = 909EB6991824F655004EA734 /* UIProgressView+AFNetworking.m */; };
		909EB6AB1824F655004EA734 /* UIWebView+AFNetworking.m in Sources */ = {isa = PBXBuildFile; fileRef = 909EB69B1824F655004EA734 /* UIWebView+AFNetworking.m */; };
		909EB6D41824F6DB004EA734 /* FUIAlertView.m in Sources */ = {isa = PBXBuildFile; fileRef = 909EB6AF1824F6DB004EA734 /* FUIAlertView.m */; };
		909EB6D51824F6DB004EA734 /* FUIButton.m in Sources */ = {isa = PBXBuildFile; fileRef = 909EB6B11824F6DB004EA734 /* FUIButton.m */; };
		909EB6D61824F6DB004EA734 /* FUICellBackgroundView.m in Sources */ = {isa = PBXBuildFile; fileRef = 909EB6B31824F6DB004EA734 /* FUICellBackgroundView.m */; };
		909EB6D71824F6DB004EA734 /* FUIPopoverBackgroundView.m in Sources */ = {isa = PBXBuildFile; fileRef = 909EB6B51824F6DB004EA734 /* FUIPopoverBackgroundView.m */; };
		909EB6D81824F6DB004EA734 /* FUISegmentedControl.m in Sources */ = {isa = PBXBuildFile; fileRef = 909EB6B71824F6DB004EA734 /* FUISegmentedControl.m */; };
		909EB6D91824F6DB004EA734 /* FUISwitch.m in Sources */ = {isa = PBXBuildFile; fileRef = 909EB6B91824F6DB004EA734 /* FUISwitch.m */; };
		909EB6DA1824F6DB004EA734 /* FUITextField.m in Sources */ = {isa = PBXBuildFile; fileRef = 909EB6BB1824F6DB004EA734 /* FUITextField.m */; };
		909EB6DB1824F6DB004EA734 /* UIBarButtonItem+FlatUI.m in Sources */ = {isa = PBXBuildFile; fileRef = 909EB6BD1824F6DB004EA734 /* UIBarButtonItem+FlatUI.m */; };
		909EB6DC1824F6DB004EA734 /* UIColor+FlatUI.m in Sources */ = {isa = PBXBuildFile; fileRef = 909EB6BF1824F6DB004EA734 /* UIColor+FlatUI.m */; };
		909EB6DD1824F6DB004EA734 /* UIFont+FlatUI.m in Sources */ = {isa = PBXBuildFile; fileRef = 909EB6C11824F6DB004EA734 /* UIFont+FlatUI.m */; };
		909EB6DE1824F6DB004EA734 /* UIImage+FlatUI.m in Sources */ = {isa = PBXBuildFile; fileRef = 909EB6C31824F6DB004EA734 /* UIImage+FlatUI.m */; };
		909EB6DF1824F6DB004EA734 /* UINavigationBar+FlatUI.m in Sources */ = {isa = PBXBuildFile; fileRef = 909EB6C51824F6DB004EA734 /* UINavigationBar+FlatUI.m */; };
		909EB6E01824F6DB004EA734 /* UIPopoverController+FlatUI.m in Sources */ = {isa = PBXBuildFile; fileRef = 909EB6C71824F6DB004EA734 /* UIPopoverController+FlatUI.m */; };
		909EB6E11824F6DB004EA734 /* UIProgressView+FlatUI.m in Sources */ = {isa = PBXBuildFile; fileRef = 909EB6C91824F6DB004EA734 /* UIProgressView+FlatUI.m */; };
		909EB6E21824F6DB004EA734 /* UISlider+FlatUI.m in Sources */ = {isa = PBXBuildFile; fileRef = 909EB6CB1824F6DB004EA734 /* UISlider+FlatUI.m */; };
		909EB6E31824F6DB004EA734 /* UIStepper+FlatUI.m in Sources */ = {isa = PBXBuildFile; fileRef = 909EB6CD1824F6DB004EA734 /* UIStepper+FlatUI.m */; };
		909EB6E41824F6DB004EA734 /* UITabBar+FlatUI.m in Sources */ = {isa = PBXBuildFile; fileRef = 909EB6CF1824F6DB004EA734 /* UITabBar+FlatUI.m */; };
		909EB6E51824F6DB004EA734 /* UITableViewCell+FlatUI.m in Sources */ = {isa = PBXBuildFile; fileRef = 909EB6D11824F6DB004EA734 /* UITableViewCell+FlatUI.m */; };
		909EB6E61824F6DB004EA734 /* UIToolbar+FlatUI.m in Sources */ = {isa = PBXBuildFile; fileRef = 909EB6D31824F6DB004EA734 /* UIToolbar+FlatUI.m */; };
		909EB6E918251653004EA734 /* LMCustomSegue.m in Sources */ = {isa = PBXBuildFile; fileRef = 909EB6E818251653004EA734 /* LMCustomSegue.m */; };
		90E0445B181D4C5B006F3379 /* Foundation.framework in Frameworks */ = {isa = PBXBuildFile; fileRef = 90E0445A181D4C5B006F3379 /* Foundation.framework */; };
		90E0445D181D4C5B006F3379 /* CoreGraphics.framework in Frameworks */ = {isa = PBXBuildFile; fileRef = 90E0445C181D4C5B006F3379 /* CoreGraphics.framework */; };
		90E0445F181D4C5B006F3379 /* UIKit.framework in Frameworks */ = {isa = PBXBuildFile; fileRef = 90E0445E181D4C5B006F3379 /* UIKit.framework */; };
		90E04465181D4C5B006F3379 /* InfoPlist.strings in Resources */ = {isa = PBXBuildFile; fileRef = 90E04463181D4C5B006F3379 /* InfoPlist.strings */; };
		90E04467181D4C5B006F3379 /* main.m in Sources */ = {isa = PBXBuildFile; fileRef = 90E04466181D4C5B006F3379 /* main.m */; };
		90E0446B181D4C5B006F3379 /* LMAppDelegate.m in Sources */ = {isa = PBXBuildFile; fileRef = 90E0446A181D4C5B006F3379 /* LMAppDelegate.m */; };
		90E0446E181D4C5B006F3379 /* Main.storyboard in Resources */ = {isa = PBXBuildFile; fileRef = 90E0446C181D4C5B006F3379 /* Main.storyboard */; };
		90E04471181D4C5B006F3379 /* LMViewController.m in Sources */ = {isa = PBXBuildFile; fileRef = 90E04470181D4C5B006F3379 /* LMViewController.m */; };
		90E04473181D4C5B006F3379 /* Images.xcassets in Resources */ = {isa = PBXBuildFile; fileRef = 90E04472181D4C5B006F3379 /* Images.xcassets */; };
		90E0447A181D4C5B006F3379 /* XCTest.framework in Frameworks */ = {isa = PBXBuildFile; fileRef = 90E04479181D4C5B006F3379 /* XCTest.framework */; };
		90E0447B181D4C5B006F3379 /* Foundation.framework in Frameworks */ = {isa = PBXBuildFile; fileRef = 90E0445A181D4C5B006F3379 /* Foundation.framework */; };
		90E0447C181D4C5B006F3379 /* UIKit.framework in Frameworks */ = {isa = PBXBuildFile; fileRef = 90E0445E181D4C5B006F3379 /* UIKit.framework */; };
		90E04484181D4C5B006F3379 /* InfoPlist.strings in Resources */ = {isa = PBXBuildFile; fileRef = 90E04482181D4C5B006F3379 /* InfoPlist.strings */; };
		90E04486181D4C5B006F3379 /* LeakMotionTests.m in Sources */ = {isa = PBXBuildFile; fileRef = 90E04485181D4C5B006F3379 /* LeakMotionTests.m */; };
		CA1B6F857BBB4B8DA2EBBE6B /* libPods.a in Frameworks */ = {isa = PBXBuildFile; fileRef = 0277BE28632549D09E549599 /* libPods.a */; };
		EE6EE27E1824C5DF0092A6B1 /* LMShowRouteViewController.m in Sources */ = {isa = PBXBuildFile; fileRef = EE6EE27D1824C5DF0092A6B1 /* LMShowRouteViewController.m */; };
/* End PBXBuildFile section */

/* Begin PBXContainerItemProxy section */
		90E0447D181D4C5B006F3379 /* PBXContainerItemProxy */ = {
			isa = PBXContainerItemProxy;
			containerPortal = 90E0444F181D4C5B006F3379 /* Project object */;
			proxyType = 1;
			remoteGlobalIDString = 90E04456181D4C5B006F3379;
			remoteInfo = LeakMotion;
		};
/* End PBXContainerItemProxy section */

/* Begin PBXFileReference section */
		0277BE28632549D09E549599 /* libPods.a */ = {isa = PBXFileReference; explicitFileType = archive.ar; includeInIndex = 0; path = libPods.a; sourceTree = BUILT_PRODUCTS_DIR; };
		7721C27AA9C845D083829123 /* Pods.xcconfig */ = {isa = PBXFileReference; includeInIndex = 1; lastKnownFileType = text.xcconfig; name = Pods.xcconfig; path = Pods/Pods.xcconfig; sourceTree = "<group>"; };
		900B8D3C181E53FD0019F732 /* MapKit.framework */ = {isa = PBXFileReference; lastKnownFileType = wrapper.framework; name = MapKit.framework; path = System/Library/Frameworks/MapKit.framework; sourceTree = SDKROOT; };
		900B8D3E181E58410019F732 /* LMDrawShapeView.h */ = {isa = PBXFileReference; fileEncoding = 4; lastKnownFileType = sourcecode.c.h; path = LMDrawShapeView.h; sourceTree = "<group>"; };
		900B8D3F181E58410019F732 /* LMDrawShapeView.m */ = {isa = PBXFileReference; fileEncoding = 4; lastKnownFileType = sourcecode.c.objc; path = LMDrawShapeView.m; sourceTree = "<group>"; };
		900B8D41181E60440019F732 /* LMChooseShapeViewController.h */ = {isa = PBXFileReference; fileEncoding = 4; lastKnownFileType = sourcecode.c.h; path = LMChooseShapeViewController.h; sourceTree = "<group>"; };
		900B8D42181E60440019F732 /* LMChooseShapeViewController.m */ = {isa = PBXFileReference; fileEncoding = 4; lastKnownFileType = sourcecode.c.objc; path = LMChooseShapeViewController.m; sourceTree = "<group>"; };
		90550E01181E23160011E327 /* QuartzCore.framework */ = {isa = PBXFileReference; lastKnownFileType = wrapper.framework; name = QuartzCore.framework; path = System/Library/Frameworks/QuartzCore.framework; sourceTree = SDKROOT; };
		90550E03181E28330011E327 /* AVFoundation.framework */ = {isa = PBXFileReference; lastKnownFileType = wrapper.framework; name = AVFoundation.framework; path = System/Library/Frameworks/AVFoundation.framework; sourceTree = SDKROOT; };
		90550E05181E283A0011E327 /* CoreData.framework */ = {isa = PBXFileReference; lastKnownFileType = wrapper.framework; name = CoreData.framework; path = System/Library/Frameworks/CoreData.framework; sourceTree = SDKROOT; };
		90550E07181E28410011E327 /* CoreLocation.framework */ = {isa = PBXFileReference; lastKnownFileType = wrapper.framework; name = CoreLocation.framework; path = System/Library/Frameworks/CoreLocation.framework; sourceTree = SDKROOT; };
		90550E09181E28470011E327 /* CoreText.framework */ = {isa = PBXFileReference; lastKnownFileType = wrapper.framework; name = CoreText.framework; path = System/Library/Frameworks/CoreText.framework; sourceTree = SDKROOT; };
		90550E0B181E284B0011E327 /* GLKit.framework */ = {isa = PBXFileReference; lastKnownFileType = wrapper.framework; name = GLKit.framework; path = System/Library/Frameworks/GLKit.framework; sourceTree = SDKROOT; };
		90550E0D181E28520011E327 /* ImageIO.framework */ = {isa = PBXFileReference; lastKnownFileType = wrapper.framework; name = ImageIO.framework; path = System/Library/Frameworks/ImageIO.framework; sourceTree = SDKROOT; };
		90550E0F181E28580011E327 /* libc++.dylib */ = {isa = PBXFileReference; lastKnownFileType = "compiled.mach-o.dylib"; name = "libc++.dylib"; path = "usr/lib/libc++.dylib"; sourceTree = SDKROOT; };
		90550E11181E28660011E327 /* libicucore.dylib */ = {isa = PBXFileReference; lastKnownFileType = "compiled.mach-o.dylib"; name = libicucore.dylib; path = usr/lib/libicucore.dylib; sourceTree = SDKROOT; };
		90550E13181E286B0011E327 /* libz.dylib */ = {isa = PBXFileReference; lastKnownFileType = "compiled.mach-o.dylib"; name = libz.dylib; path = usr/lib/libz.dylib; sourceTree = SDKROOT; };
		90550E15181E28720011E327 /* OpenGLES.framework */ = {isa = PBXFileReference; lastKnownFileType = wrapper.framework; name = OpenGLES.framework; path = System/Library/Frameworks/OpenGLES.framework; sourceTree = SDKROOT; };
		90550E17181E28790011E327 /* SystemConfiguration.framework */ = {isa = PBXFileReference; lastKnownFileType = wrapper.framework; name = SystemConfiguration.framework; path = System/Library/Frameworks/SystemConfiguration.framework; sourceTree = SDKROOT; };
		90550E19181E29370011E327 /* GoogleMaps.framework */ = {isa = PBXFileReference; lastKnownFileType = wrapper.framework; path = GoogleMaps.framework; sourceTree = "<group>"; };
		90550E1B181E29610011E327 /* GoogleMaps.bundle */ = {isa = PBXFileReference; lastKnownFileType = "wrapper.plug-in"; name = GoogleMaps.bundle; path = GoogleMaps.framework/Versions/A/Resources/GoogleMaps.bundle; sourceTree = "<group>"; };
		90550E1D181E2A0A0011E327 /* LMMapViewController.h */ = {isa = PBXFileReference; fileEncoding = 4; lastKnownFileType = sourcecode.c.h; path = LMMapViewController.h; sourceTree = "<group>"; };
		90550E1E181E2A0A0011E327 /* LMMapViewController.m */ = {isa = PBXFileReference; fileEncoding = 4; lastKnownFileType = sourcecode.c.objc; path = LMMapViewController.m; sourceTree = "<group>"; };
		905D8AAE1824BB2100ED4601 /* LMChoosePathViewController.h */ = {isa = PBXFileReference; fileEncoding = 4; lastKnownFileType = sourcecode.c.h; path = LMChoosePathViewController.h; sourceTree = "<group>"; };
		905D8AAF1824BB2100ED4601 /* LMChoosePathViewController.m */ = {isa = PBXFileReference; fileEncoding = 4; lastKnownFileType = sourcecode.c.objc; path = LMChoosePathViewController.m; sourceTree = "<group>"; };
		905D8AB11824BB5100ED4601 /* LMLocationManager.h */ = {isa = PBXFileReference; fileEncoding = 4; lastKnownFileType = sourcecode.c.h; path = LMLocationManager.h; sourceTree = "<group>"; };
		905D8AB21824BB5100ED4601 /* LMLocationManager.m */ = {isa = PBXFileReference; fileEncoding = 4; lastKnownFileType = sourcecode.c.objc; path = LMLocationManager.m; sourceTree = "<group>"; };
		905D8AB41824BFD700ED4601 /* LMResultViewController.h */ = {isa = PBXFileReference; fileEncoding = 4; lastKnownFileType = sourcecode.c.h; path = LMResultViewController.h; sourceTree = "<group>"; };
		905D8AB51824BFD700ED4601 /* LMResultViewController.m */ = {isa = PBXFileReference; fileEncoding = 4; lastKnownFileType = sourcecode.c.objc; path = LMResultViewController.m; sourceTree = "<group>"; };
		905D8AB71824C0D200ED4601 /* Social.framework */ = {isa = PBXFileReference; lastKnownFileType = wrapper.framework; name = Social.framework; path = System/Library/Frameworks/Social.framework; sourceTree = SDKROOT; };
		905D8AB91824C2E600ED4601 /* LMLobbyViewController.h */ = {isa = PBXFileReference; fileEncoding = 4; lastKnownFileType = sourcecode.c.h; path = LMLobbyViewController.h; sourceTree = "<group>"; };
		905D8ABA1824C2E600ED4601 /* LMLobbyViewController.m */ = {isa = PBXFileReference; fileEncoding = 4; lastKnownFileType = sourcecode.c.objc; path = LMLobbyViewController.m; sourceTree = "<group>"; };
		909EB6341824DDAD004EA734 /* Accounts.framework */ = {isa = PBXFileReference; lastKnownFileType = wrapper.framework; name = Accounts.framework; path = System/Library/Frameworks/Accounts.framework; sourceTree = SDKROOT; };
		909EB6361824DE60004EA734 /* LMData.h */ = {isa = PBXFileReference; fileEncoding = 4; lastKnownFileType = sourcecode.c.h; path = LMData.h; sourceTree = "<group>"; };
		909EB6371824DE60004EA734 /* LMData.m */ = {isa = PBXFileReference; fileEncoding = 4; lastKnownFileType = sourcecode.c.objc; path = LMData.m; sourceTree = "<group>"; };
		909EB6791824F655004EA734 /* AFHTTPRequestOperation.h */ = {isa = PBXFileReference; fileEncoding = 4; lastKnownFileType = sourcecode.c.h; path = AFHTTPRequestOperation.h; sourceTree = "<group>"; };
		909EB67A1824F655004EA734 /* AFHTTPRequestOperation.m */ = {isa = PBXFileReference; fileEncoding = 4; lastKnownFileType = sourcecode.c.objc; path = AFHTTPRequestOperation.m; sourceTree = "<group>"; };
		909EB67B1824F655004EA734 /* AFHTTPRequestOperationManager.h */ = {isa = PBXFileReference; fileEncoding = 4; lastKnownFileType = sourcecode.c.h; path = AFHTTPRequestOperationManager.h; sourceTree = "<group>"; };
		909EB67C1824F655004EA734 /* AFHTTPRequestOperationManager.m */ = {isa = PBXFileReference; fileEncoding = 4; lastKnownFileType = sourcecode.c.objc; path = AFHTTPRequestOperationManager.m; sourceTree = "<group>"; };
		909EB67D1824F655004EA734 /* AFHTTPSessionManager.h */ = {isa = PBXFileReference; fileEncoding = 4; lastKnownFileType = sourcecode.c.h; path = AFHTTPSessionManager.h; sourceTree = "<group>"; };
		909EB67E1824F655004EA734 /* AFHTTPSessionManager.m */ = {isa = PBXFileReference; fileEncoding = 4; lastKnownFileType = sourcecode.c.objc; path = AFHTTPSessionManager.m; sourceTree = "<group>"; };
		909EB67F1824F655004EA734 /* AFNetworking.h */ = {isa = PBXFileReference; fileEncoding = 4; lastKnownFileType = sourcecode.c.h; path = AFNetworking.h; sourceTree = "<group>"; };
		909EB6801824F655004EA734 /* AFNetworkReachabilityManager.h */ = {isa = PBXFileReference; fileEncoding = 4; lastKnownFileType = sourcecode.c.h; path = AFNetworkReachabilityManager.h; sourceTree = "<group>"; };
		909EB6811824F655004EA734 /* AFNetworkReachabilityManager.m */ = {isa = PBXFileReference; fileEncoding = 4; lastKnownFileType = sourcecode.c.objc; path = AFNetworkReachabilityManager.m; sourceTree = "<group>"; };
		909EB6821824F655004EA734 /* AFSecurityPolicy.h */ = {isa = PBXFileReference; fileEncoding = 4; lastKnownFileType = sourcecode.c.h; path = AFSecurityPolicy.h; sourceTree = "<group>"; };
		909EB6831824F655004EA734 /* AFSecurityPolicy.m */ = {isa = PBXFileReference; fileEncoding = 4; lastKnownFileType = sourcecode.c.objc; path = AFSecurityPolicy.m; sourceTree = "<group>"; };
		909EB6841824F655004EA734 /* AFURLConnectionOperation.h */ = {isa = PBXFileReference; fileEncoding = 4; lastKnownFileType = sourcecode.c.h; path = AFURLConnectionOperation.h; sourceTree = "<group>"; };
		909EB6851824F655004EA734 /* AFURLConnectionOperation.m */ = {isa = PBXFileReference; fileEncoding = 4; lastKnownFileType = sourcecode.c.objc; path = AFURLConnectionOperation.m; sourceTree = "<group>"; };
		909EB6861824F655004EA734 /* AFURLRequestSerialization.h */ = {isa = PBXFileReference; fileEncoding = 4; lastKnownFileType = sourcecode.c.h; path = AFURLRequestSerialization.h; sourceTree = "<group>"; };
		909EB6871824F655004EA734 /* AFURLRequestSerialization.m */ = {isa = PBXFileReference; fileEncoding = 4; lastKnownFileType = sourcecode.c.objc; path = AFURLRequestSerialization.m; sourceTree = "<group>"; };
		909EB6881824F655004EA734 /* AFURLResponseSerialization.h */ = {isa = PBXFileReference; fileEncoding = 4; lastKnownFileType = sourcecode.c.h; path = AFURLResponseSerialization.h; sourceTree = "<group>"; };
		909EB6891824F655004EA734 /* AFURLResponseSerialization.m */ = {isa = PBXFileReference; fileEncoding = 4; lastKnownFileType = sourcecode.c.objc; path = AFURLResponseSerialization.m; sourceTree = "<group>"; };
		909EB68A1824F655004EA734 /* AFURLSessionManager.h */ = {isa = PBXFileReference; fileEncoding = 4; lastKnownFileType = sourcecode.c.h; path = AFURLSessionManager.h; sourceTree = "<group>"; };
		909EB68B1824F655004EA734 /* AFURLSessionManager.m */ = {isa = PBXFileReference; fileEncoding = 4; lastKnownFileType = sourcecode.c.objc; path = AFURLSessionManager.m; sourceTree = "<group>"; };
		909EB68D1824F655004EA734 /* AFNetworkActivityIndicatorManager.h */ = {isa = PBXFileReference; fileEncoding = 4; lastKnownFileType = sourcecode.c.h; path = AFNetworkActivityIndicatorManager.h; sourceTree = "<group>"; };
		909EB68E1824F655004EA734 /* AFNetworkActivityIndicatorManager.m */ = {isa = PBXFileReference; fileEncoding = 4; lastKnownFileType = sourcecode.c.objc; path = AFNetworkActivityIndicatorManager.m; sourceTree = "<group>"; };
		909EB68F1824F655004EA734 /* UIActivityIndicatorView+AFNetworking.h */ = {isa = PBXFileReference; fileEncoding = 4; lastKnownFileType = sourcecode.c.h; path = "UIActivityIndicatorView+AFNetworking.h"; sourceTree = "<group>"; };
		909EB6901824F655004EA734 /* UIActivityIndicatorView+AFNetworking.m */ = {isa = PBXFileReference; fileEncoding = 4; lastKnownFileType = sourcecode.c.objc; path = "UIActivityIndicatorView+AFNetworking.m"; sourceTree = "<group>"; };
		909EB6911824F655004EA734 /* UIAlertView+AFNetworking.h */ = {isa = PBXFileReference; fileEncoding = 4; lastKnownFileType = sourcecode.c.h; path = "UIAlertView+AFNetworking.h"; sourceTree = "<group>"; };
		909EB6921824F655004EA734 /* UIAlertView+AFNetworking.m */ = {isa = PBXFileReference; fileEncoding = 4; lastKnownFileType = sourcecode.c.objc; path = "UIAlertView+AFNetworking.m"; sourceTree = "<group>"; };
		909EB6931824F655004EA734 /* UIButton+AFNetworking.h */ = {isa = PBXFileReference; fileEncoding = 4; lastKnownFileType = sourcecode.c.h; path = "UIButton+AFNetworking.h"; sourceTree = "<group>"; };
		909EB6941824F655004EA734 /* UIButton+AFNetworking.m */ = {isa = PBXFileReference; fileEncoding = 4; lastKnownFileType = sourcecode.c.objc; path = "UIButton+AFNetworking.m"; sourceTree = "<group>"; };
		909EB6951824F655004EA734 /* UIImageView+AFNetworking.h */ = {isa = PBXFileReference; fileEncoding = 4; lastKnownFileType = sourcecode.c.h; path = "UIImageView+AFNetworking.h"; sourceTree = "<group>"; };
		909EB6961824F655004EA734 /* UIImageView+AFNetworking.m */ = {isa = PBXFileReference; fileEncoding = 4; lastKnownFileType = sourcecode.c.objc; path = "UIImageView+AFNetworking.m"; sourceTree = "<group>"; };
		909EB6971824F655004EA734 /* UIKit+AFNetworking.h */ = {isa = PBXFileReference; fileEncoding = 4; lastKnownFileType = sourcecode.c.h; path = "UIKit+AFNetworking.h"; sourceTree = "<group>"; };
		909EB6981824F655004EA734 /* UIProgressView+AFNetworking.h */ = {isa = PBXFileReference; fileEncoding = 4; lastKnownFileType = sourcecode.c.h; path = "UIProgressView+AFNetworking.h"; sourceTree = "<group>"; };
		909EB6991824F655004EA734 /* UIProgressView+AFNetworking.m */ = {isa = PBXFileReference; fileEncoding = 4; lastKnownFileType = sourcecode.c.objc; path = "UIProgressView+AFNetworking.m"; sourceTree = "<group>"; };
		909EB69A1824F655004EA734 /* UIWebView+AFNetworking.h */ = {isa = PBXFileReference; fileEncoding = 4; lastKnownFileType = sourcecode.c.h; path = "UIWebView+AFNetworking.h"; sourceTree = "<group>"; };
		909EB69B1824F655004EA734 /* UIWebView+AFNetworking.m */ = {isa = PBXFileReference; fileEncoding = 4; lastKnownFileType = sourcecode.c.objc; path = "UIWebView+AFNetworking.m"; sourceTree = "<group>"; };
		909EB6AD1824F6DB004EA734 /* FlatUIKit.h */ = {isa = PBXFileReference; fileEncoding = 4; lastKnownFileType = sourcecode.c.h; path = FlatUIKit.h; sourceTree = "<group>"; };
		909EB6AE1824F6DB004EA734 /* FUIAlertView.h */ = {isa = PBXFileReference; fileEncoding = 4; lastKnownFileType = sourcecode.c.h; path = FUIAlertView.h; sourceTree = "<group>"; };
		909EB6AF1824F6DB004EA734 /* FUIAlertView.m */ = {isa = PBXFileReference; fileEncoding = 4; lastKnownFileType = sourcecode.c.objc; path = FUIAlertView.m; sourceTree = "<group>"; };
		909EB6B01824F6DB004EA734 /* FUIButton.h */ = {isa = PBXFileReference; fileEncoding = 4; lastKnownFileType = sourcecode.c.h; path = FUIButton.h; sourceTree = "<group>"; };
		909EB6B11824F6DB004EA734 /* FUIButton.m */ = {isa = PBXFileReference; fileEncoding = 4; lastKnownFileType = sourcecode.c.objc; path = FUIButton.m; sourceTree = "<group>"; };
		909EB6B21824F6DB004EA734 /* FUICellBackgroundView.h */ = {isa = PBXFileReference; fileEncoding = 4; lastKnownFileType = sourcecode.c.h; path = FUICellBackgroundView.h; sourceTree = "<group>"; };
		909EB6B31824F6DB004EA734 /* FUICellBackgroundView.m */ = {isa = PBXFileReference; fileEncoding = 4; lastKnownFileType = sourcecode.c.objc; path = FUICellBackgroundView.m; sourceTree = "<group>"; };
		909EB6B41824F6DB004EA734 /* FUIPopoverBackgroundView.h */ = {isa = PBXFileReference; fileEncoding = 4; lastKnownFileType = sourcecode.c.h; path = FUIPopoverBackgroundView.h; sourceTree = "<group>"; };
		909EB6B51824F6DB004EA734 /* FUIPopoverBackgroundView.m */ = {isa = PBXFileReference; fileEncoding = 4; lastKnownFileType = sourcecode.c.objc; path = FUIPopoverBackgroundView.m; sourceTree = "<group>"; };
		909EB6B61824F6DB004EA734 /* FUISegmentedControl.h */ = {isa = PBXFileReference; fileEncoding = 4; lastKnownFileType = sourcecode.c.h; path = FUISegmentedControl.h; sourceTree = "<group>"; };
		909EB6B71824F6DB004EA734 /* FUISegmentedControl.m */ = {isa = PBXFileReference; fileEncoding = 4; lastKnownFileType = sourcecode.c.objc; path = FUISegmentedControl.m; sourceTree = "<group>"; };
		909EB6B81824F6DB004EA734 /* FUISwitch.h */ = {isa = PBXFileReference; fileEncoding = 4; lastKnownFileType = sourcecode.c.h; path = FUISwitch.h; sourceTree = "<group>"; };
		909EB6B91824F6DB004EA734 /* FUISwitch.m */ = {isa = PBXFileReference; fileEncoding = 4; lastKnownFileType = sourcecode.c.objc; path = FUISwitch.m; sourceTree = "<group>"; };
		909EB6BA1824F6DB004EA734 /* FUITextField.h */ = {isa = PBXFileReference; fileEncoding = 4; lastKnownFileType = sourcecode.c.h; path = FUITextField.h; sourceTree = "<group>"; };
		909EB6BB1824F6DB004EA734 /* FUITextField.m */ = {isa = PBXFileReference; fileEncoding = 4; lastKnownFileType = sourcecode.c.objc; path = FUITextField.m; sourceTree = "<group>"; };
		909EB6BC1824F6DB004EA734 /* UIBarButtonItem+FlatUI.h */ = {isa = PBXFileReference; fileEncoding = 4; lastKnownFileType = sourcecode.c.h; path = "UIBarButtonItem+FlatUI.h"; sourceTree = "<group>"; };
		909EB6BD1824F6DB004EA734 /* UIBarButtonItem+FlatUI.m */ = {isa = PBXFileReference; fileEncoding = 4; lastKnownFileType = sourcecode.c.objc; path = "UIBarButtonItem+FlatUI.m"; sourceTree = "<group>"; };
		909EB6BE1824F6DB004EA734 /* UIColor+FlatUI.h */ = {isa = PBXFileReference; fileEncoding = 4; lastKnownFileType = sourcecode.c.h; path = "UIColor+FlatUI.h"; sourceTree = "<group>"; };
		909EB6BF1824F6DB004EA734 /* UIColor+FlatUI.m */ = {isa = PBXFileReference; fileEncoding = 4; lastKnownFileType = sourcecode.c.objc; path = "UIColor+FlatUI.m"; sourceTree = "<group>"; };
		909EB6C01824F6DB004EA734 /* UIFont+FlatUI.h */ = {isa = PBXFileReference; fileEncoding = 4; lastKnownFileType = sourcecode.c.h; path = "UIFont+FlatUI.h"; sourceTree = "<group>"; };
		909EB6C11824F6DB004EA734 /* UIFont+FlatUI.m */ = {isa = PBXFileReference; fileEncoding = 4; lastKnownFileType = sourcecode.c.objc; path = "UIFont+FlatUI.m"; sourceTree = "<group>"; };
		909EB6C21824F6DB004EA734 /* UIImage+FlatUI.h */ = {isa = PBXFileReference; fileEncoding = 4; lastKnownFileType = sourcecode.c.h; path = "UIImage+FlatUI.h"; sourceTree = "<group>"; };
		909EB6C31824F6DB004EA734 /* UIImage+FlatUI.m */ = {isa = PBXFileReference; fileEncoding = 4; lastKnownFileType = sourcecode.c.objc; path = "UIImage+FlatUI.m"; sourceTree = "<group>"; };
		909EB6C41824F6DB004EA734 /* UINavigationBar+FlatUI.h */ = {isa = PBXFileReference; fileEncoding = 4; lastKnownFileType = sourcecode.c.h; path = "UINavigationBar+FlatUI.h"; sourceTree = "<group>"; };
		909EB6C51824F6DB004EA734 /* UINavigationBar+FlatUI.m */ = {isa = PBXFileReference; fileEncoding = 4; lastKnownFileType = sourcecode.c.objc; path = "UINavigationBar+FlatUI.m"; sourceTree = "<group>"; };
		909EB6C61824F6DB004EA734 /* UIPopoverController+FlatUI.h */ = {isa = PBXFileReference; fileEncoding = 4; lastKnownFileType = sourcecode.c.h; path = "UIPopoverController+FlatUI.h"; sourceTree = "<group>"; };
		909EB6C71824F6DB004EA734 /* UIPopoverController+FlatUI.m */ = {isa = PBXFileReference; fileEncoding = 4; lastKnownFileType = sourcecode.c.objc; path = "UIPopoverController+FlatUI.m"; sourceTree = "<group>"; };
		909EB6C81824F6DB004EA734 /* UIProgressView+FlatUI.h */ = {isa = PBXFileReference; fileEncoding = 4; lastKnownFileType = sourcecode.c.h; path = "UIProgressView+FlatUI.h"; sourceTree = "<group>"; };
		909EB6C91824F6DB004EA734 /* UIProgressView+FlatUI.m */ = {isa = PBXFileReference; fileEncoding = 4; lastKnownFileType = sourcecode.c.objc; path = "UIProgressView+FlatUI.m"; sourceTree = "<group>"; };
		909EB6CA1824F6DB004EA734 /* UISlider+FlatUI.h */ = {isa = PBXFileReference; fileEncoding = 4; lastKnownFileType = sourcecode.c.h; path = "UISlider+FlatUI.h"; sourceTree = "<group>"; };
		909EB6CB1824F6DB004EA734 /* UISlider+FlatUI.m */ = {isa = PBXFileReference; fileEncoding = 4; lastKnownFileType = sourcecode.c.objc; path = "UISlider+FlatUI.m"; sourceTree = "<group>"; };
		909EB6CC1824F6DB004EA734 /* UIStepper+FlatUI.h */ = {isa = PBXFileReference; fileEncoding = 4; lastKnownFileType = sourcecode.c.h; path = "UIStepper+FlatUI.h"; sourceTree = "<group>"; };
		909EB6CD1824F6DB004EA734 /* UIStepper+FlatUI.m */ = {isa = PBXFileReference; fileEncoding = 4; lastKnownFileType = sourcecode.c.objc; path = "UIStepper+FlatUI.m"; sourceTree = "<group>"; };
		909EB6CE1824F6DB004EA734 /* UITabBar+FlatUI.h */ = {isa = PBXFileReference; fileEncoding = 4; lastKnownFileType = sourcecode.c.h; path = "UITabBar+FlatUI.h"; sourceTree = "<group>"; };
		909EB6CF1824F6DB004EA734 /* UITabBar+FlatUI.m */ = {isa = PBXFileReference; fileEncoding = 4; lastKnownFileType = sourcecode.c.objc; path = "UITabBar+FlatUI.m"; sourceTree = "<group>"; };
		909EB6D01824F6DB004EA734 /* UITableViewCell+FlatUI.h */ = {isa = PBXFileReference; fileEncoding = 4; lastKnownFileType = sourcecode.c.h; path = "UITableViewCell+FlatUI.h"; sourceTree = "<group>"; };
		909EB6D11824F6DB004EA734 /* UITableViewCell+FlatUI.m */ = {isa = PBXFileReference; fileEncoding = 4; lastKnownFileType = sourcecode.c.objc; path = "UITableViewCell+FlatUI.m"; sourceTree = "<group>"; };
		909EB6D21824F6DB004EA734 /* UIToolbar+FlatUI.h */ = {isa = PBXFileReference; fileEncoding = 4; lastKnownFileType = sourcecode.c.h; path = "UIToolbar+FlatUI.h"; sourceTree = "<group>"; };
		909EB6D31824F6DB004EA734 /* UIToolbar+FlatUI.m */ = {isa = PBXFileReference; fileEncoding = 4; lastKnownFileType = sourcecode.c.objc; path = "UIToolbar+FlatUI.m"; sourceTree = "<group>"; };
		909EB6E718251653004EA734 /* LMCustomSegue.h */ = {isa = PBXFileReference; fileEncoding = 4; lastKnownFileType = sourcecode.c.h; path = LMCustomSegue.h; sourceTree = "<group>"; };
		909EB6E818251653004EA734 /* LMCustomSegue.m */ = {isa = PBXFileReference; fileEncoding = 4; lastKnownFileType = sourcecode.c.objc; path = LMCustomSegue.m; sourceTree = "<group>"; };
		90E04457181D4C5B006F3379 /* LeakMotion.app */ = {isa = PBXFileReference; explicitFileType = wrapper.application; includeInIndex = 0; path = LeakMotion.app; sourceTree = BUILT_PRODUCTS_DIR; };
		90E0445A181D4C5B006F3379 /* Foundation.framework */ = {isa = PBXFileReference; lastKnownFileType = wrapper.framework; name = Foundation.framework; path = System/Library/Frameworks/Foundation.framework; sourceTree = SDKROOT; };
		90E0445C181D4C5B006F3379 /* CoreGraphics.framework */ = {isa = PBXFileReference; lastKnownFileType = wrapper.framework; name = CoreGraphics.framework; path = System/Library/Frameworks/CoreGraphics.framework; sourceTree = SDKROOT; };
		90E0445E181D4C5B006F3379 /* UIKit.framework */ = {isa = PBXFileReference; lastKnownFileType = wrapper.framework; name = UIKit.framework; path = System/Library/Frameworks/UIKit.framework; sourceTree = SDKROOT; };
		90E04462181D4C5B006F3379 /* LeakMotion-Info.plist */ = {isa = PBXFileReference; lastKnownFileType = text.plist.xml; path = "LeakMotion-Info.plist"; sourceTree = "<group>"; };
		90E04464181D4C5B006F3379 /* en */ = {isa = PBXFileReference; lastKnownFileType = text.plist.strings; name = en; path = en.lproj/InfoPlist.strings; sourceTree = "<group>"; };
		90E04466181D4C5B006F3379 /* main.m */ = {isa = PBXFileReference; lastKnownFileType = sourcecode.c.objc; path = main.m; sourceTree = "<group>"; };
		90E04468181D4C5B006F3379 /* LeakMotion-Prefix.pch */ = {isa = PBXFileReference; lastKnownFileType = sourcecode.c.h; path = "LeakMotion-Prefix.pch"; sourceTree = "<group>"; };
		90E04469181D4C5B006F3379 /* LMAppDelegate.h */ = {isa = PBXFileReference; lastKnownFileType = sourcecode.c.h; path = LMAppDelegate.h; sourceTree = "<group>"; };
		90E0446A181D4C5B006F3379 /* LMAppDelegate.m */ = {isa = PBXFileReference; lastKnownFileType = sourcecode.c.objc; path = LMAppDelegate.m; sourceTree = "<group>"; };
		90E0446D181D4C5B006F3379 /* Base */ = {isa = PBXFileReference; lastKnownFileType = file.storyboard; name = Base; path = Base.lproj/Main.storyboard; sourceTree = "<group>"; };
		90E0446F181D4C5B006F3379 /* LMViewController.h */ = {isa = PBXFileReference; lastKnownFileType = sourcecode.c.h; path = LMViewController.h; sourceTree = "<group>"; };
		90E04470181D4C5B006F3379 /* LMViewController.m */ = {isa = PBXFileReference; lastKnownFileType = sourcecode.c.objc; path = LMViewController.m; sourceTree = "<group>"; };
		90E04472181D4C5B006F3379 /* Images.xcassets */ = {isa = PBXFileReference; lastKnownFileType = folder.assetcatalog; path = Images.xcassets; sourceTree = "<group>"; };
		90E04478181D4C5B006F3379 /* LeakMotionTests.xctest */ = {isa = PBXFileReference; explicitFileType = wrapper.cfbundle; includeInIndex = 0; path = LeakMotionTests.xctest; sourceTree = BUILT_PRODUCTS_DIR; };
		90E04479181D4C5B006F3379 /* XCTest.framework */ = {isa = PBXFileReference; lastKnownFileType = wrapper.framework; name = XCTest.framework; path = Library/Frameworks/XCTest.framework; sourceTree = DEVELOPER_DIR; };
		90E04481181D4C5B006F3379 /* LeakMotionTests-Info.plist */ = {isa = PBXFileReference; lastKnownFileType = text.plist.xml; path = "LeakMotionTests-Info.plist"; sourceTree = "<group>"; };
		90E04483181D4C5B006F3379 /* en */ = {isa = PBXFileReference; lastKnownFileType = text.plist.strings; name = en; path = en.lproj/InfoPlist.strings; sourceTree = "<group>"; };
		90E04485181D4C5B006F3379 /* LeakMotionTests.m */ = {isa = PBXFileReference; lastKnownFileType = sourcecode.c.objc; path = LeakMotionTests.m; sourceTree = "<group>"; };
		EE6EE27C1824C5DF0092A6B1 /* LMShowRouteViewController.h */ = {isa = PBXFileReference; fileEncoding = 4; lastKnownFileType = sourcecode.c.h; path = LMShowRouteViewController.h; sourceTree = "<group>"; };
		EE6EE27D1824C5DF0092A6B1 /* LMShowRouteViewController.m */ = {isa = PBXFileReference; fileEncoding = 4; lastKnownFileType = sourcecode.c.objc; path = LMShowRouteViewController.m; sourceTree = "<group>"; };
/* End PBXFileReference section */

/* Begin PBXFrameworksBuildPhase section */
		90E04454181D4C5B006F3379 /* Frameworks */ = {
			isa = PBXFrameworksBuildPhase;
			buildActionMask = 2147483647;
			files = (
				909EB6351824DDAD004EA734 /* Accounts.framework in Frameworks */,
				905D8AB81824C0D200ED4601 /* Social.framework in Frameworks */,
				900B8D3D181E53FD0019F732 /* MapKit.framework in Frameworks */,
				90550E18181E28790011E327 /* SystemConfiguration.framework in Frameworks */,
				90550E16181E28720011E327 /* OpenGLES.framework in Frameworks */,
				90550E14181E286B0011E327 /* libz.dylib in Frameworks */,
				90550E12181E28660011E327 /* libicucore.dylib in Frameworks */,
				90550E10181E28580011E327 /* libc++.dylib in Frameworks */,
				90550E0E181E28520011E327 /* ImageIO.framework in Frameworks */,
				90550E0C181E284B0011E327 /* GLKit.framework in Frameworks */,
				90550E0A181E28470011E327 /* CoreText.framework in Frameworks */,
				90550E08181E28410011E327 /* CoreLocation.framework in Frameworks */,
				90550E06181E283A0011E327 /* CoreData.framework in Frameworks */,
				90550E04181E28330011E327 /* AVFoundation.framework in Frameworks */,
				90550E02181E23160011E327 /* QuartzCore.framework in Frameworks */,
				90E0445D181D4C5B006F3379 /* CoreGraphics.framework in Frameworks */,
				90E0445F181D4C5B006F3379 /* UIKit.framework in Frameworks */,
				90E0445B181D4C5B006F3379 /* Foundation.framework in Frameworks */,
				CA1B6F857BBB4B8DA2EBBE6B /* libPods.a in Frameworks */,
			);
			runOnlyForDeploymentPostprocessing = 0;
		};
		90E04475181D4C5B006F3379 /* Frameworks */ = {
			isa = PBXFrameworksBuildPhase;
			buildActionMask = 2147483647;
			files = (
				90E0447A181D4C5B006F3379 /* XCTest.framework in Frameworks */,
				90E0447C181D4C5B006F3379 /* UIKit.framework in Frameworks */,
				90E0447B181D4C5B006F3379 /* Foundation.framework in Frameworks */,
			);
			runOnlyForDeploymentPostprocessing = 0;
		};
/* End PBXFrameworksBuildPhase section */

/* Begin PBXGroup section */
		909EB6391824E693004EA734 /* Unused */ = {
			isa = PBXGroup;
			children = (
				90E0446F181D4C5B006F3379 /* LMViewController.h */,
				90E04470181D4C5B006F3379 /* LMViewController.m */,
				900B8D41181E60440019F732 /* LMChooseShapeViewController.h */,
				900B8D42181E60440019F732 /* LMChooseShapeViewController.m */,
				905D8AB11824BB5100ED4601 /* LMLocationManager.h */,
				905D8AB21824BB5100ED4601 /* LMLocationManager.m */,
				90550E1D181E2A0A0011E327 /* LMMapViewController.h */,
				90550E1E181E2A0A0011E327 /* LMMapViewController.m */,
			);
			name = Unused;
			sourceTree = "<group>";
		};
		909EB6781824F655004EA734 /* AFNetworking */ = {
			isa = PBXGroup;
			children = (
				909EB6791824F655004EA734 /* AFHTTPRequestOperation.h */,
				909EB67A1824F655004EA734 /* AFHTTPRequestOperation.m */,
				909EB67B1824F655004EA734 /* AFHTTPRequestOperationManager.h */,
				909EB67C1824F655004EA734 /* AFHTTPRequestOperationManager.m */,
				909EB67D1824F655004EA734 /* AFHTTPSessionManager.h */,
				909EB67E1824F655004EA734 /* AFHTTPSessionManager.m */,
				909EB67F1824F655004EA734 /* AFNetworking.h */,
				909EB6801824F655004EA734 /* AFNetworkReachabilityManager.h */,
				909EB6811824F655004EA734 /* AFNetworkReachabilityManager.m */,
				909EB6821824F655004EA734 /* AFSecurityPolicy.h */,
				909EB6831824F655004EA734 /* AFSecurityPolicy.m */,
				909EB6841824F655004EA734 /* AFURLConnectionOperation.h */,
				909EB6851824F655004EA734 /* AFURLConnectionOperation.m */,
				909EB6861824F655004EA734 /* AFURLRequestSerialization.h */,
				909EB6871824F655004EA734 /* AFURLRequestSerialization.m */,
				909EB6881824F655004EA734 /* AFURLResponseSerialization.h */,
				909EB6891824F655004EA734 /* AFURLResponseSerialization.m */,
				909EB68A1824F655004EA734 /* AFURLSessionManager.h */,
				909EB68B1824F655004EA734 /* AFURLSessionManager.m */,
			);
			path = AFNetworking;
			sourceTree = "<group>";
		};
		909EB68C1824F655004EA734 /* UIKit+AFNetworking */ = {
			isa = PBXGroup;
			children = (
				909EB68D1824F655004EA734 /* AFNetworkActivityIndicatorManager.h */,
				909EB68E1824F655004EA734 /* AFNetworkActivityIndicatorManager.m */,
				909EB68F1824F655004EA734 /* UIActivityIndicatorView+AFNetworking.h */,
				909EB6901824F655004EA734 /* UIActivityIndicatorView+AFNetworking.m */,
				909EB6911824F655004EA734 /* UIAlertView+AFNetworking.h */,
				909EB6921824F655004EA734 /* UIAlertView+AFNetworking.m */,
				909EB6931824F655004EA734 /* UIButton+AFNetworking.h */,
				909EB6941824F655004EA734 /* UIButton+AFNetworking.m */,
				909EB6951824F655004EA734 /* UIImageView+AFNetworking.h */,
				909EB6961824F655004EA734 /* UIImageView+AFNetworking.m */,
				909EB6971824F655004EA734 /* UIKit+AFNetworking.h */,
				909EB6981824F655004EA734 /* UIProgressView+AFNetworking.h */,
				909EB6991824F655004EA734 /* UIProgressView+AFNetworking.m */,
				909EB69A1824F655004EA734 /* UIWebView+AFNetworking.h */,
				909EB69B1824F655004EA734 /* UIWebView+AFNetworking.m */,
			);
			path = "UIKit+AFNetworking";
			sourceTree = "<group>";
		};
		909EB6AC1824F6DB004EA734 /* FlatUIKit */ = {
			isa = PBXGroup;
			children = (
				909EB6AD1824F6DB004EA734 /* FlatUIKit.h */,
				909EB6AE1824F6DB004EA734 /* FUIAlertView.h */,
				909EB6AF1824F6DB004EA734 /* FUIAlertView.m */,
				909EB6B01824F6DB004EA734 /* FUIButton.h */,
				909EB6B11824F6DB004EA734 /* FUIButton.m */,
				909EB6B21824F6DB004EA734 /* FUICellBackgroundView.h */,
				909EB6B31824F6DB004EA734 /* FUICellBackgroundView.m */,
				909EB6B41824F6DB004EA734 /* FUIPopoverBackgroundView.h */,
				909EB6B51824F6DB004EA734 /* FUIPopoverBackgroundView.m */,
				909EB6B61824F6DB004EA734 /* FUISegmentedControl.h */,
				909EB6B71824F6DB004EA734 /* FUISegmentedControl.m */,
				909EB6B81824F6DB004EA734 /* FUISwitch.h */,
				909EB6B91824F6DB004EA734 /* FUISwitch.m */,
				909EB6BA1824F6DB004EA734 /* FUITextField.h */,
				909EB6BB1824F6DB004EA734 /* FUITextField.m */,
				909EB6BC1824F6DB004EA734 /* UIBarButtonItem+FlatUI.h */,
				909EB6BD1824F6DB004EA734 /* UIBarButtonItem+FlatUI.m */,
				909EB6BE1824F6DB004EA734 /* UIColor+FlatUI.h */,
				909EB6BF1824F6DB004EA734 /* UIColor+FlatUI.m */,
				909EB6C01824F6DB004EA734 /* UIFont+FlatUI.h */,
				909EB6C11824F6DB004EA734 /* UIFont+FlatUI.m */,
				909EB6C21824F6DB004EA734 /* UIImage+FlatUI.h */,
				909EB6C31824F6DB004EA734 /* UIImage+FlatUI.m */,
				909EB6C41824F6DB004EA734 /* UINavigationBar+FlatUI.h */,
				909EB6C51824F6DB004EA734 /* UINavigationBar+FlatUI.m */,
				909EB6C61824F6DB004EA734 /* UIPopoverController+FlatUI.h */,
				909EB6C71824F6DB004EA734 /* UIPopoverController+FlatUI.m */,
				909EB6C81824F6DB004EA734 /* UIProgressView+FlatUI.h */,
				909EB6C91824F6DB004EA734 /* UIProgressView+FlatUI.m */,
				909EB6CA1824F6DB004EA734 /* UISlider+FlatUI.h */,
				909EB6CB1824F6DB004EA734 /* UISlider+FlatUI.m */,
				909EB6CC1824F6DB004EA734 /* UIStepper+FlatUI.h */,
				909EB6CD1824F6DB004EA734 /* UIStepper+FlatUI.m */,
				909EB6CE1824F6DB004EA734 /* UITabBar+FlatUI.h */,
				909EB6CF1824F6DB004EA734 /* UITabBar+FlatUI.m */,
				909EB6D01824F6DB004EA734 /* UITableViewCell+FlatUI.h */,
				909EB6D11824F6DB004EA734 /* UITableViewCell+FlatUI.m */,
				909EB6D21824F6DB004EA734 /* UIToolbar+FlatUI.h */,
				909EB6D31824F6DB004EA734 /* UIToolbar+FlatUI.m */,
			);
			path = FlatUIKit;
			sourceTree = "<group>";
		};
		90E0444E181D4C5B006F3379 = {
			isa = PBXGroup;
			children = (
				90E04460181D4C5B006F3379 /* LeakMotion */,
				90E0447F181D4C5B006F3379 /* LeakMotionTests */,
				90E04459181D4C5B006F3379 /* Frameworks */,
				90E04458181D4C5B006F3379 /* Products */,
				7721C27AA9C845D083829123 /* Pods.xcconfig */,
			);
			sourceTree = "<group>";
		};
		90E04458181D4C5B006F3379 /* Products */ = {
			isa = PBXGroup;
			children = (
				90E04457181D4C5B006F3379 /* LeakMotion.app */,
				90E04478181D4C5B006F3379 /* LeakMotionTests.xctest */,
			);
			name = Products;
			sourceTree = "<group>";
		};
		90E04459181D4C5B006F3379 /* Frameworks */ = {
			isa = PBXGroup;
			children = (
				909EB6AC1824F6DB004EA734 /* FlatUIKit */,
				909EB6781824F655004EA734 /* AFNetworking */,
				909EB68C1824F655004EA734 /* UIKit+AFNetworking */,
				909EB6341824DDAD004EA734 /* Accounts.framework */,
				905D8AB71824C0D200ED4601 /* Social.framework */,
				900B8D3C181E53FD0019F732 /* MapKit.framework */,
				90550E1B181E29610011E327 /* GoogleMaps.bundle */,
				90550E19181E29370011E327 /* GoogleMaps.framework */,
				90550E17181E28790011E327 /* SystemConfiguration.framework */,
				90550E15181E28720011E327 /* OpenGLES.framework */,
				90550E13181E286B0011E327 /* libz.dylib */,
				90550E11181E28660011E327 /* libicucore.dylib */,
				90550E0F181E28580011E327 /* libc++.dylib */,
				90550E0D181E28520011E327 /* ImageIO.framework */,
				90550E0B181E284B0011E327 /* GLKit.framework */,
				90550E09181E28470011E327 /* CoreText.framework */,
				90550E07181E28410011E327 /* CoreLocation.framework */,
				90550E05181E283A0011E327 /* CoreData.framework */,
				90550E03181E28330011E327 /* AVFoundation.framework */,
				90550E01181E23160011E327 /* QuartzCore.framework */,
				90E0445A181D4C5B006F3379 /* Foundation.framework */,
				90E0445C181D4C5B006F3379 /* CoreGraphics.framework */,
				90E0445E181D4C5B006F3379 /* UIKit.framework */,
				90E04479181D4C5B006F3379 /* XCTest.framework */,
				0277BE28632549D09E549599 /* libPods.a */,
			);
			name = Frameworks;
			sourceTree = "<group>";
		};
		90E04460181D4C5B006F3379 /* LeakMotion */ = {
			isa = PBXGroup;
			children = (
				90E04469181D4C5B006F3379 /* LMAppDelegate.h */,
				90E0446A181D4C5B006F3379 /* LMAppDelegate.m */,
				90E0446C181D4C5B006F3379 /* Main.storyboard */,
				905D8AB91824C2E600ED4601 /* LMLobbyViewController.h */,
				905D8ABA1824C2E600ED4601 /* LMLobbyViewController.m */,
				905D8AAE1824BB2100ED4601 /* LMChoosePathViewController.h */,
				905D8AAF1824BB2100ED4601 /* LMChoosePathViewController.m */,
				EE6EE27C1824C5DF0092A6B1 /* LMShowRouteViewController.h */,
				EE6EE27D1824C5DF0092A6B1 /* LMShowRouteViewController.m */,
				905D8AB41824BFD700ED4601 /* LMResultViewController.h */,
				905D8AB51824BFD700ED4601 /* LMResultViewController.m */,
				900B8D3E181E58410019F732 /* LMDrawShapeView.h */,
				900B8D3F181E58410019F732 /* LMDrawShapeView.m */,
				909EB6361824DE60004EA734 /* LMData.h */,
				909EB6371824DE60004EA734 /* LMData.m */,
				909EB6E718251653004EA734 /* LMCustomSegue.h */,
				909EB6E818251653004EA734 /* LMCustomSegue.m */,
				90E04472181D4C5B006F3379 /* Images.xcassets */,
				909EB6391824E693004EA734 /* Unused */,
				90E04461181D4C5B006F3379 /* Supporting Files */,
			);
			path = LeakMotion;
			sourceTree = "<group>";
		};
		90E04461181D4C5B006F3379 /* Supporting Files */ = {
			isa = PBXGroup;
			children = (
				90E04462181D4C5B006F3379 /* LeakMotion-Info.plist */,
				90E04463181D4C5B006F3379 /* InfoPlist.strings */,
				90E04466181D4C5B006F3379 /* main.m */,
				90E04468181D4C5B006F3379 /* LeakMotion-Prefix.pch */,
			);
			name = "Supporting Files";
			sourceTree = "<group>";
		};
		90E0447F181D4C5B006F3379 /* LeakMotionTests */ = {
			isa = PBXGroup;
			children = (
				90E04485181D4C5B006F3379 /* LeakMotionTests.m */,
				90E04480181D4C5B006F3379 /* Supporting Files */,
			);
			path = LeakMotionTests;
			sourceTree = "<group>";
		};
		90E04480181D4C5B006F3379 /* Supporting Files */ = {
			isa = PBXGroup;
			children = (
				90E04481181D4C5B006F3379 /* LeakMotionTests-Info.plist */,
				90E04482181D4C5B006F3379 /* InfoPlist.strings */,
			);
			name = "Supporting Files";
			sourceTree = "<group>";
		};
/* End PBXGroup section */

/* Begin PBXNativeTarget section */
		90E04456181D4C5B006F3379 /* LeakMotion */ = {
			isa = PBXNativeTarget;
			buildConfigurationList = 90E04489181D4C5B006F3379 /* Build configuration list for PBXNativeTarget "LeakMotion" */;
			buildPhases = (
				797ACF207BC14B0C9EA8E0D5 /* Check Pods Manifest.lock */,
				90E04453181D4C5B006F3379 /* Sources */,
				90E04454181D4C5B006F3379 /* Frameworks */,
				90E04455181D4C5B006F3379 /* Resources */,
				4CCEA8B09C0D40318E098038 /* Copy Pods Resources */,
			);
			buildRules = (
			);
			dependencies = (
			);
			name = LeakMotion;
			productName = LeakMotion;
			productReference = 90E04457181D4C5B006F3379 /* LeakMotion.app */;
			productType = "com.apple.product-type.application";
		};
		90E04477181D4C5B006F3379 /* LeakMotionTests */ = {
			isa = PBXNativeTarget;
			buildConfigurationList = 90E0448C181D4C5B006F3379 /* Build configuration list for PBXNativeTarget "LeakMotionTests" */;
			buildPhases = (
				90E04474181D4C5B006F3379 /* Sources */,
				90E04475181D4C5B006F3379 /* Frameworks */,
				90E04476181D4C5B006F3379 /* Resources */,
			);
			buildRules = (
			);
			dependencies = (
				90E0447E181D4C5B006F3379 /* PBXTargetDependency */,
			);
			name = LeakMotionTests;
			productName = LeakMotionTests;
			productReference = 90E04478181D4C5B006F3379 /* LeakMotionTests.xctest */;
			productType = "com.apple.product-type.bundle.unit-test";
		};
/* End PBXNativeTarget section */

/* Begin PBXProject section */
		90E0444F181D4C5B006F3379 /* Project object */ = {
			isa = PBXProject;
			attributes = {
				CLASSPREFIX = LM;
				LastUpgradeCheck = 0500;
				ORGANIZATIONNAME = com.penser;
				TargetAttributes = {
					90E04477181D4C5B006F3379 = {
						TestTargetID = 90E04456181D4C5B006F3379;
					};
				};
			};
			buildConfigurationList = 90E04452181D4C5B006F3379 /* Build configuration list for PBXProject "LeakMotion" */;
			compatibilityVersion = "Xcode 3.2";
			developmentRegion = English;
			hasScannedForEncodings = 0;
			knownRegions = (
				en,
				Base,
			);
			mainGroup = 90E0444E181D4C5B006F3379;
			productRefGroup = 90E04458181D4C5B006F3379 /* Products */;
			projectDirPath = "";
			projectRoot = "";
			targets = (
				90E04456181D4C5B006F3379 /* LeakMotion */,
				90E04477181D4C5B006F3379 /* LeakMotionTests */,
			);
		};
/* End PBXProject section */

/* Begin PBXResourcesBuildPhase section */
		90E04455181D4C5B006F3379 /* Resources */ = {
			isa = PBXResourcesBuildPhase;
			buildActionMask = 2147483647;
			files = (
				90E04473181D4C5B006F3379 /* Images.xcassets in Resources */,
				90E04465181D4C5B006F3379 /* InfoPlist.strings in Resources */,
				90E0446E181D4C5B006F3379 /* Main.storyboard in Resources */,
				90550E1C181E29610011E327 /* GoogleMaps.bundle in Resources */,
			);
			runOnlyForDeploymentPostprocessing = 0;
		};
		90E04476181D4C5B006F3379 /* Resources */ = {
			isa = PBXResourcesBuildPhase;
			buildActionMask = 2147483647;
			files = (
				90E04484181D4C5B006F3379 /* InfoPlist.strings in Resources */,
			);
			runOnlyForDeploymentPostprocessing = 0;
		};
/* End PBXResourcesBuildPhase section */

/* Begin PBXShellScriptBuildPhase section */
		4CCEA8B09C0D40318E098038 /* Copy Pods Resources */ = {
			isa = PBXShellScriptBuildPhase;
			buildActionMask = 2147483647;
			files = (
			);
			inputPaths = (
			);
			name = "Copy Pods Resources";
			outputPaths = (
			);
			runOnlyForDeploymentPostprocessing = 0;
			shellPath = /bin/sh;
			shellScript = "\"${SRCROOT}/Pods/Pods-resources.sh\"\n";
			showEnvVarsInLog = 0;
		};
		797ACF207BC14B0C9EA8E0D5 /* Check Pods Manifest.lock */ = {
			isa = PBXShellScriptBuildPhase;
			buildActionMask = 2147483647;
			files = (
			);
			inputPaths = (
			);
			name = "Check Pods Manifest.lock";
			outputPaths = (
			);
			runOnlyForDeploymentPostprocessing = 0;
			shellPath = /bin/sh;
			shellScript = "diff \"${PODS_ROOT}/../Podfile.lock\" \"${PODS_ROOT}/Manifest.lock\" > /dev/null\nif [[ $? != 0 ]] ; then\n    cat << EOM\nerror: The sandbox is not in sync with the Podfile.lock. Run 'pod install' or update your CocoaPods installation.\nEOM\n    exit 1\nfi\n";
			showEnvVarsInLog = 0;
		};
/* End PBXShellScriptBuildPhase section */

/* Begin PBXSourcesBuildPhase section */
		90E04453181D4C5B006F3379 /* Sources */ = {
			isa = PBXSourcesBuildPhase;
			buildActionMask = 2147483647;
			files = (
				909EB6A71824F655004EA734 /* UIAlertView+AFNetworking.m in Sources */,
				909EB6A91824F655004EA734 /* UIImageView+AFNetworking.m in Sources */,
				909EB6E41824F6DB004EA734 /* UITabBar+FlatUI.m in Sources */,
				909EB6E11824F6DB004EA734 /* UIProgressView+FlatUI.m in Sources */,
				909EB6A81824F655004EA734 /* UIButton+AFNetworking.m in Sources */,
				909EB69C1824F655004EA734 /* AFHTTPRequestOperation.m in Sources */,
				909EB6E51824F6DB004EA734 /* UITableViewCell+FlatUI.m in Sources */,
				909EB6E918251653004EA734 /* LMCustomSegue.m in Sources */,
				900B8D43181E60440019F732 /* LMChooseShapeViewController.m in Sources */,
				909EB6E01824F6DB004EA734 /* UIPopoverController+FlatUI.m in Sources */,
				900B8D40181E58410019F732 /* LMDrawShapeView.m in Sources */,
				909EB6DE1824F6DB004EA734 /* UIImage+FlatUI.m in Sources */,
				909EB6A41824F655004EA734 /* AFURLSessionManager.m in Sources */,
				909EB6A51824F655004EA734 /* AFNetworkActivityIndicatorManager.m in Sources */,
				EE6EE27E1824C5DF0092A6B1 /* LMShowRouteViewController.m in Sources */,
				909EB6A11824F655004EA734 /* AFURLConnectionOperation.m in Sources */,
				909EB69D1824F655004EA734 /* AFHTTPRequestOperationManager.m in Sources */,
				909EB6E31824F6DB004EA734 /* UIStepper+FlatUI.m in Sources */,
				90E04467181D4C5B006F3379 /* main.m in Sources */,
				909EB6E21824F6DB004EA734 /* UISlider+FlatUI.m in Sources */,
				909EB6D91824F6DB004EA734 /* FUISwitch.m in Sources */,
				909EB69F1824F655004EA734 /* AFNetworkReachabilityManager.m in Sources */,
				905D8AB31824BB5100ED4601 /* LMLocationManager.m in Sources */,
				909EB6D51824F6DB004EA734 /* FUIButton.m in Sources */,
				905D8AB01824BB2100ED4601 /* LMChoosePathViewController.m in Sources */,
				909EB6DB1824F6DB004EA734 /* UIBarButtonItem+FlatUI.m in Sources */,
				909EB6DA1824F6DB004EA734 /* FUITextField.m in Sources */,
				909EB6A01824F655004EA734 /* AFSecurityPolicy.m in Sources */,
				909EB6381824DE60004EA734 /* LMData.m in Sources */,
				909EB6A21824F655004EA734 /* AFURLRequestSerialization.m in Sources */,
				90E0446B181D4C5B006F3379 /* LMAppDelegate.m in Sources */,
				909EB6A31824F655004EA734 /* AFURLResponseSerialization.m in Sources */,
				90550E1F181E2A0A0011E327 /* LMMapViewController.m in Sources */,
				909EB6DC1824F6DB004EA734 /* UIColor+FlatUI.m in Sources */,
				909EB6D41824F6DB004EA734 /* FUIAlertView.m in Sources */,
				909EB6A61824F655004EA734 /* UIActivityIndicatorView+AFNetworking.m in Sources */,
				909EB6AA1824F655004EA734 /* UIProgressView+AFNetworking.m in Sources */,
				909EB6E61824F6DB004EA734 /* UIToolbar+FlatUI.m in Sources */,
				90E04471181D4C5B006F3379 /* LMViewController.m in Sources */,
				909EB6AB1824F655004EA734 /* UIWebView+AFNetworking.m in Sources */,
				909EB6DD1824F6DB004EA734 /* UIFont+FlatUI.m in Sources */,
				909EB6D81824F6DB004EA734 /* FUISegmentedControl.m in Sources */,
				909EB69E1824F655004EA734 /* AFHTTPSessionManager.m in Sources */,
				905D8ABB1824C2E600ED4601 /* LMLobbyViewController.m in Sources */,
				905D8AB61824BFD700ED4601 /* LMResultViewController.m in Sources */,
				909EB6D61824F6DB004EA734 /* FUICellBackgroundView.m in Sources */,
				909EB6DF1824F6DB004EA734 /* UINavigationBar+FlatUI.m in Sources */,
				909EB6D71824F6DB004EA734 /* FUIPopoverBackgroundView.m in Sources */,
			);
			runOnlyForDeploymentPostprocessing = 0;
		};
		90E04474181D4C5B006F3379 /* Sources */ = {
			isa = PBXSourcesBuildPhase;
			buildActionMask = 2147483647;
			files = (
				90E04486181D4C5B006F3379 /* LeakMotionTests.m in Sources */,
			);
			runOnlyForDeploymentPostprocessing = 0;
		};
/* End PBXSourcesBuildPhase section */

/* Begin PBXTargetDependency section */
		90E0447E181D4C5B006F3379 /* PBXTargetDependency */ = {
			isa = PBXTargetDependency;
			target = 90E04456181D4C5B006F3379 /* LeakMotion */;
			targetProxy = 90E0447D181D4C5B006F3379 /* PBXContainerItemProxy */;
		};
/* End PBXTargetDependency section */

/* Begin PBXVariantGroup section */
		90E04463181D4C5B006F3379 /* InfoPlist.strings */ = {
			isa = PBXVariantGroup;
			children = (
				90E04464181D4C5B006F3379 /* en */,
			);
			name = InfoPlist.strings;
			sourceTree = "<group>";
		};
		90E0446C181D4C5B006F3379 /* Main.storyboard */ = {
			isa = PBXVariantGroup;
			children = (
				90E0446D181D4C5B006F3379 /* Base */,
			);
			name = Main.storyboard;
			sourceTree = "<group>";
		};
		90E04482181D4C5B006F3379 /* InfoPlist.strings */ = {
			isa = PBXVariantGroup;
			children = (
				90E04483181D4C5B006F3379 /* en */,
			);
			name = InfoPlist.strings;
			sourceTree = "<group>";
		};
/* End PBXVariantGroup section */

/* Begin XCBuildConfiguration section */
		90E04487181D4C5B006F3379 /* Debug */ = {
			isa = XCBuildConfiguration;
			buildSettings = {
				ALWAYS_SEARCH_USER_PATHS = NO;
				ARCHS = "$(ARCHS_STANDARD_INCLUDING_64_BIT)";
				CLANG_CXX_LANGUAGE_STANDARD = "gnu++0x";
				CLANG_CXX_LIBRARY = "libc++";
				CLANG_ENABLE_MODULES = YES;
				CLANG_ENABLE_OBJC_ARC = YES;
				CLANG_WARN_BOOL_CONVERSION = YES;
				CLANG_WARN_CONSTANT_CONVERSION = YES;
				CLANG_WARN_DIRECT_OBJC_ISA_USAGE = YES_ERROR;
				CLANG_WARN_EMPTY_BODY = YES;
				CLANG_WARN_ENUM_CONVERSION = YES;
				CLANG_WARN_INT_CONVERSION = YES;
				CLANG_WARN_OBJC_ROOT_CLASS = YES_ERROR;
				CLANG_WARN__DUPLICATE_METHOD_MATCH = YES;
				"CODE_SIGN_IDENTITY[sdk=iphoneos*]" = "iPhone Developer";
				COPY_PHASE_STRIP = NO;
				GCC_C_LANGUAGE_STANDARD = gnu99;
				GCC_DYNAMIC_NO_PIC = NO;
				GCC_OPTIMIZATION_LEVEL = 0;
				GCC_PREPROCESSOR_DEFINITIONS = (
					"DEBUG=1",
					"$(inherited)",
				);
				GCC_SYMBOLS_PRIVATE_EXTERN = NO;
				GCC_WARN_64_TO_32_BIT_CONVERSION = YES;
				GCC_WARN_ABOUT_RETURN_TYPE = YES_ERROR;
				GCC_WARN_UNDECLARED_SELECTOR = YES;
				GCC_WARN_UNINITIALIZED_AUTOS = YES;
				GCC_WARN_UNUSED_FUNCTION = YES;
				GCC_WARN_UNUSED_VARIABLE = YES;
				IPHONEOS_DEPLOYMENT_TARGET = 7.0;
				ONLY_ACTIVE_ARCH = YES;
				OTHER_LDFLAGS = "-ObjC";
				SDKROOT = iphoneos;
			};
			name = Debug;
		};
		90E04488181D4C5B006F3379 /* Release */ = {
			isa = XCBuildConfiguration;
			buildSettings = {
				ALWAYS_SEARCH_USER_PATHS = NO;
				ARCHS = "$(ARCHS_STANDARD_INCLUDING_64_BIT)";
				CLANG_CXX_LANGUAGE_STANDARD = "gnu++0x";
				CLANG_CXX_LIBRARY = "libc++";
				CLANG_ENABLE_MODULES = YES;
				CLANG_ENABLE_OBJC_ARC = YES;
				CLANG_WARN_BOOL_CONVERSION = YES;
				CLANG_WARN_CONSTANT_CONVERSION = YES;
				CLANG_WARN_DIRECT_OBJC_ISA_USAGE = YES_ERROR;
				CLANG_WARN_EMPTY_BODY = YES;
				CLANG_WARN_ENUM_CONVERSION = YES;
				CLANG_WARN_INT_CONVERSION = YES;
				CLANG_WARN_OBJC_ROOT_CLASS = YES_ERROR;
				CLANG_WARN__DUPLICATE_METHOD_MATCH = YES;
				"CODE_SIGN_IDENTITY[sdk=iphoneos*]" = "iPhone Developer";
				COPY_PHASE_STRIP = YES;
				ENABLE_NS_ASSERTIONS = NO;
				GCC_C_LANGUAGE_STANDARD = gnu99;
				GCC_WARN_64_TO_32_BIT_CONVERSION = YES;
				GCC_WARN_ABOUT_RETURN_TYPE = YES_ERROR;
				GCC_WARN_UNDECLARED_SELECTOR = YES;
				GCC_WARN_UNINITIALIZED_AUTOS = YES;
				GCC_WARN_UNUSED_FUNCTION = YES;
				GCC_WARN_UNUSED_VARIABLE = YES;
				IPHONEOS_DEPLOYMENT_TARGET = 7.0;
				OTHER_LDFLAGS = "-ObjC";
				SDKROOT = iphoneos;
				VALIDATE_PRODUCT = YES;
			};
			name = Release;
		};
		90E0448A181D4C5B006F3379 /* Debug */ = {
			isa = XCBuildConfiguration;
			baseConfigurationReference = 7721C27AA9C845D083829123 /* Pods.xcconfig */;
			buildSettings = {
				ASSETCATALOG_COMPILER_APPICON_NAME = AppIcon;
				ASSETCATALOG_COMPILER_LAUNCHIMAGE_NAME = LaunchImage;
				FRAMEWORK_SEARCH_PATHS = (
					"$(inherited)",
					/Users/acsalu/Developer/LeakMotion,
				);
				GCC_PRECOMPILE_PREFIX_HEADER = YES;
				GCC_PREFIX_HEADER = "LeakMotion/LeakMotion-Prefix.pch";
				INFOPLIST_FILE = "LeakMotion/LeakMotion-Info.plist";
				OTHER_LDFLAGS = "";
				PRODUCT_NAME = "$(TARGET_NAME)";
				WRAPPER_EXTENSION = app;
			};
			name = Debug;
		};
		90E0448B181D4C5B006F3379 /* Release */ = {
			isa = XCBuildConfiguration;
			baseConfigurationReference = 7721C27AA9C845D083829123 /* Pods.xcconfig */;
			buildSettings = {
				ASSETCATALOG_COMPILER_APPICON_NAME = AppIcon;
				ASSETCATALOG_COMPILER_LAUNCHIMAGE_NAME = LaunchImage;
				FRAMEWORK_SEARCH_PATHS = (
					"$(inherited)",
					/Users/acsalu/Developer/LeakMotion,
				);
				GCC_PRECOMPILE_PREFIX_HEADER = YES;
				GCC_PREFIX_HEADER = "LeakMotion/LeakMotion-Prefix.pch";
				INFOPLIST_FILE = "LeakMotion/LeakMotion-Info.plist";
				OTHER_LDFLAGS = "";
				PRODUCT_NAME = "$(TARGET_NAME)";
				WRAPPER_EXTENSION = app;
			};
			name = Release;
		};
		90E0448D181D4C5B006F3379 /* Debug */ = {
			isa = XCBuildConfiguration;
			buildSettings = {
				ARCHS = "$(ARCHS_STANDARD_INCLUDING_64_BIT)";
				BUNDLE_LOADER = "$(BUILT_PRODUCTS_DIR)/LeakMotion.app/LeakMotion";
				FRAMEWORK_SEARCH_PATHS = (
					"$(SDKROOT)/Developer/Library/Frameworks",
					"$(inherited)",
					"$(DEVELOPER_FRAMEWORKS_DIR)",
				);
				GCC_PRECOMPILE_PREFIX_HEADER = YES;
				GCC_PREFIX_HEADER = "LeakMotion/LeakMotion-Prefix.pch";
				GCC_PREPROCESSOR_DEFINITIONS = (
					"DEBUG=1",
					"$(inherited)",
				);
				INFOPLIST_FILE = "LeakMotionTests/LeakMotionTests-Info.plist";
				PRODUCT_NAME = "$(TARGET_NAME)";
				TEST_HOST = "$(BUNDLE_LOADER)";
				WRAPPER_EXTENSION = xctest;
			};
			name = Debug;
		};
		90E0448E181D4C5B006F3379 /* Release */ = {
			isa = XCBuildConfiguration;
			buildSettings = {
				ARCHS = "$(ARCHS_STANDARD_INCLUDING_64_BIT)";
				BUNDLE_LOADER = "$(BUILT_PRODUCTS_DIR)/LeakMotion.app/LeakMotion";
				FRAMEWORK_SEARCH_PATHS = (
					"$(SDKROOT)/Developer/Library/Frameworks",
					"$(inherited)",
					"$(DEVELOPER_FRAMEWORKS_DIR)",
				);
				GCC_PRECOMPILE_PREFIX_HEADER = YES;
				GCC_PREFIX_HEADER = "LeakMotion/LeakMotion-Prefix.pch";
				INFOPLIST_FILE = "LeakMotionTests/LeakMotionTests-Info.plist";
				PRODUCT_NAME = "$(TARGET_NAME)";
				TEST_HOST = "$(BUNDLE_LOADER)";
				WRAPPER_EXTENSION = xctest;
			};
			name = Release;
		};
/* End XCBuildConfiguration section */

/* Begin XCConfigurationList section */
		90E04452181D4C5B006F3379 /* Build configuration list for PBXProject "LeakMotion" */ = {
			isa = XCConfigurationList;
			buildConfigurations = (
				90E04487181D4C5B006F3379 /* Debug */,
				90E04488181D4C5B006F3379 /* Release */,
			);
			defaultConfigurationIsVisible = 0;
			defaultConfigurationName = Release;
		};
		90E04489181D4C5B006F3379 /* Build configuration list for PBXNativeTarget "LeakMotion" */ = {
			isa = XCConfigurationList;
			buildConfigurations = (
				90E0448A181D4C5B006F3379 /* Debug */,
				90E0448B181D4C5B006F3379 /* Release */,
			);
			defaultConfigurationIsVisible = 0;
			defaultConfigurationName = Release;
		};
		90E0448C181D4C5B006F3379 /* Build configuration list for PBXNativeTarget "LeakMotionTests" */ = {
			isa = XCConfigurationList;
			buildConfigurations = (
				90E0448D181D4C5B006F3379 /* Debug */,
				90E0448E181D4C5B006F3379 /* Release */,
			);
			defaultConfigurationIsVisible = 0;
			defaultConfigurationName = Release;
		};
/* End XCConfigurationList section */
	};
	rootObject = 90E0444F181D4C5B006F3379 /* Project object */;
}
